
Microsoft Visual Studio Solution File, Format Version 12.00
# Visual Studio Version 17
VisualStudioVersion = 17.4.32912.340
MinimumVisualStudioVersion = 10.0.40219.1
Project("{FAE04EC0-301F-11D3-BF4B-00C04F79EFBC}") = "Api", "Api\Api.csproj", "{F7866D32-B7C1-40FD-86B1-445515DE0603}"
EndProject
Project("{FAE04EC0-301F-11D3-BF4B-00C04F79EFBC}") = "Data", "Data\Data.csproj", "{99F419D2-C337-40F4-A9D1-36AD56ADE107}"
EndProject
Global
	GlobalSection(SolutionConfigurationPlatforms) = preSolution
		Debug|Any CPU = Debug|Any CPU
		Release|Any CPU = Release|Any CPU
	EndGlobalSection
	GlobalSection(ProjectConfigurationPlatforms) = postSolution
		{F7866D32-B7C1-40FD-86B1-445515DE0603}.Debug|Any CPU.ActiveCfg = Debug|Any CPU
		{F7866D32-B7C1-40FD-86B1-445515DE0603}.Debug|Any CPU.Build.0 = Debug|Any CPU
		{F7866D32-B7C1-40FD-86B1-445515DE0603}.Release|Any CPU.ActiveCfg = Release|Any CPU
		{F7866D32-B7C1-40FD-86B1-445515DE0603}.Release|Any CPU.Build.0 = Release|Any CPU
		{99F419D2-C337-40F4-A9D1-36AD56ADE107}.Debug|Any CPU.ActiveCfg = Debug|Any CPU
		{99F419D2-C337-40F4-A9D1-36AD56ADE107}.Debug|Any CPU.Build.0 = Debug|Any CPU
		{99F419D2-C337-40F4-A9D1-36AD56ADE107}.Release|Any CPU.ActiveCfg = Release|Any CPU
		{99F419D2-C337-40F4-A9D1-36AD56ADE107}.Release|Any CPU.Build.0 = Release|Any CPU
	EndGlobalSection
	GlobalSection(SolutionProperties) = preSolution
		HideSolutionNode = FALSE
	EndGlobalSection
	GlobalSection(ExtensibilityGlobals) = postSolution
		SolutionGuid = {0C2CB630-F42A-448D-B2EA-AFDDC87A4273}
	EndGlobalSection
EndGlobal
